
Microsoft Visual Studio Solution File, Format Version 12.00
# Visual Studio 14
VisualStudioVersion = 14.0.25123.0
MinimumVisualStudioVersion = 10.0.40219.1
Project("{FAE04EC0-301F-11D3-BF4B-00C04F79EFBC}") = "CodecoDroid.Droid", "CodecoDroid\CodecoDroid.Droid\CodecoDroid.Droid.csproj", "{9D0BDD99-0E28-4E5D-9E3F-97C99EA15BD5}"
EndProject
Project("{FAE04EC0-301F-11D3-BF4B-00C04F79EFBC}") = "CodecoDroid.iOS", "CodecoDroid\CodecoDroid.iOS\CodecoDroid.iOS.csproj", "{02EBA2B4-CD0F-4FBB-A1B3-F617A4ECCC96}"
EndProject
Project("{FAE04EC0-301F-11D3-BF4B-00C04F79EFBC}") = "CodecoDroid.WinPhone", "CodecoDroid\CodecoDroid.WinPhone\CodecoDroid.WinPhone.csproj", "{E5F5F3D9-9408-472F-9D11-D26E8D611DF6}"
EndProject
Project("{FAE04EC0-301F-11D3-BF4B-00C04F79EFBC}") = "CodecoDroid.UWP", "CodecoDroid\CodecoDroid.UWP\CodecoDroid.UWP.csproj", "{2995C716-30CA-4678-AB46-331C9BFE93B3}"
EndProject
Project("{FAE04EC0-301F-11D3-BF4B-00C04F79EFBC}") = "CodecoDroid.Windows", "CodecoDroid\CodecoDroid.Windows\CodecoDroid.Windows.csproj", "{DF602E8A-487D-4BCD-B296-DE70005699DE}"
EndProject
Project("{D954291E-2A0B-460D-934E-DC6B0785DB48}") = "CodecoDroid", "CodecoDroid\CodecoDroid\CodecoDroid.shproj", "{049EF6A9-E088-49B7-B04B-0EE8B68400C6}"
EndProject
Global
	GlobalSection(SharedMSBuildProjectFiles) = preSolution
		CodecoDroid\CodecoDroid\CodecoDroid.projitems*{049ef6a9-e088-49b7-b04b-0ee8b68400c6}*SharedItemsImports = 13
	EndGlobalSection
	GlobalSection(SolutionConfigurationPlatforms) = preSolution
		Ad-Hoc|Any CPU = Ad-Hoc|Any CPU
		Ad-Hoc|ARM = Ad-Hoc|ARM
		Ad-Hoc|iPhone = Ad-Hoc|iPhone
		Ad-Hoc|iPhoneSimulator = Ad-Hoc|iPhoneSimulator
		Ad-Hoc|x64 = Ad-Hoc|x64
		Ad-Hoc|x86 = Ad-Hoc|x86
		AppStore|Any CPU = AppStore|Any CPU
		AppStore|ARM = AppStore|ARM
		AppStore|iPhone = AppStore|iPhone
		AppStore|iPhoneSimulator = AppStore|iPhoneSimulator
		AppStore|x64 = AppStore|x64
		AppStore|x86 = AppStore|x86
		Debug|Any CPU = Debug|Any CPU
		Debug|ARM = Debug|ARM
		Debug|iPhone = Debug|iPhone
		Debug|iPhoneSimulator = Debug|iPhoneSimulator
		Debug|x64 = Debug|x64
		Debug|x86 = Debug|x86
		Release|Any CPU = Release|Any CPU
		Release|ARM = Release|ARM
		Release|iPhone = Release|iPhone
		Release|iPhoneSimulator = Release|iPhoneSimulator
		Release|x64 = Release|x64
		Release|x86 = Release|x86
	EndGlobalSection
	GlobalSection(ProjectConfigurationPlatforms) = postSolution
		{9D0BDD99-0E28-4E5D-9E3F-97C99EA15BD5}.Ad-Hoc|Any CPU.ActiveCfg = Release|Any CPU
		{9D0BDD99-0E28-4E5D-9E3F-97C99EA15BD5}.Ad-Hoc|Any CPU.Build.0 = Release|Any CPU
		{9D0BDD99-0E28-4E5D-9E3F-97C99EA15BD5}.Ad-Hoc|Any CPU.Deploy.0 = Release|Any CPU
		{9D0BDD99-0E28-4E5D-9E3F-97C99EA15BD5}.Ad-Hoc|ARM.ActiveCfg = Release|Any CPU
		{9D0BDD99-0E28-4E5D-9E3F-97C99EA15BD5}.Ad-Hoc|ARM.Build.0 = Release|Any CPU
		{9D0BDD99-0E28-4E5D-9E3F-97C99EA15BD5}.Ad-Hoc|ARM.Deploy.0 = Release|Any CPU
		{9D0BDD99-0E28-4E5D-9E3F-97C99EA15BD5}.Ad-Hoc|iPhone.ActiveCfg = Release|Any CPU
		{9D0BDD99-0E28-4E5D-9E3F-97C99EA15BD5}.Ad-Hoc|iPhone.Build.0 = Release|Any CPU
		{9D0BDD99-0E28-4E5D-9E3F-97C99EA15BD5}.Ad-Hoc|iPhone.Deploy.0 = Release|Any CPU
		{9D0BDD99-0E28-4E5D-9E3F-97C99EA15BD5}.Ad-Hoc|iPhoneSimulator.ActiveCfg = Release|Any CPU
		{9D0BDD99-0E28-4E5D-9E3F-97C99EA15BD5}.Ad-Hoc|iPhoneSimulator.Build.0 = Release|Any CPU
		{9D0BDD99-0E28-4E5D-9E3F-97C99EA15BD5}.Ad-Hoc|iPhoneSimulator.Deploy.0 = Release|Any CPU
		{9D0BDD99-0E28-4E5D-9E3F-97C99EA15BD5}.Ad-Hoc|x64.ActiveCfg = Release|Any CPU
		{9D0BDD99-0E28-4E5D-9E3F-97C99EA15BD5}.Ad-Hoc|x64.Build.0 = Release|Any CPU
		{9D0BDD99-0E28-4E5D-9E3F-97C99EA15BD5}.Ad-Hoc|x64.Deploy.0 = Release|Any CPU
		{9D0BDD99-0E28-4E5D-9E3F-97C99EA15BD5}.Ad-Hoc|x86.ActiveCfg = Release|Any CPU
		{9D0BDD99-0E28-4E5D-9E3F-97C99EA15BD5}.Ad-Hoc|x86.Build.0 = Release|Any CPU
		{9D0BDD99-0E28-4E5D-9E3F-97C99EA15BD5}.Ad-Hoc|x86.Deploy.0 = Release|Any CPU
		{9D0BDD99-0E28-4E5D-9E3F-97C99EA15BD5}.AppStore|Any CPU.ActiveCfg = Release|Any CPU
		{9D0BDD99-0E28-4E5D-9E3F-97C99EA15BD5}.AppStore|Any CPU.Build.0 = Release|Any CPU
		{9D0BDD99-0E28-4E5D-9E3F-97C99EA15BD5}.AppStore|Any CPU.Deploy.0 = Release|Any CPU
		{9D0BDD99-0E28-4E5D-9E3F-97C99EA15BD5}.AppStore|ARM.ActiveCfg = Release|Any CPU
		{9D0BDD99-0E28-4E5D-9E3F-97C99EA15BD5}.AppStore|ARM.Build.0 = Release|Any CPU
		{9D0BDD99-0E28-4E5D-9E3F-97C99EA15BD5}.AppStore|ARM.Deploy.0 = Release|Any CPU
		{9D0BDD99-0E28-4E5D-9E3F-97C99EA15BD5}.AppStore|iPhone.ActiveCfg = Release|Any CPU
		{9D0BDD99-0E28-4E5D-9E3F-97C99EA15BD5}.AppStore|iPhone.Build.0 = Release|Any CPU
		{9D0BDD99-0E28-4E5D-9E3F-97C99EA15BD5}.AppStore|iPhone.Deploy.0 = Release|Any CPU
		{9D0BDD99-0E28-4E5D-9E3F-97C99EA15BD5}.AppStore|iPhoneSimulator.ActiveCfg = Release|Any CPU
		{9D0BDD99-0E28-4E5D-9E3F-97C99EA15BD5}.AppStore|iPhoneSimulator.Build.0 = Release|Any CPU
		{9D0BDD99-0E28-4E5D-9E3F-97C99EA15BD5}.AppStore|iPhoneSimulator.Deploy.0 = Release|Any CPU
		{9D0BDD99-0E28-4E5D-9E3F-97C99EA15BD5}.AppStore|x64.ActiveCfg = Release|Any CPU
		{9D0BDD99-0E28-4E5D-9E3F-97C99EA15BD5}.AppStore|x64.Build.0 = Release|Any CPU
		{9D0BDD99-0E28-4E5D-9E3F-97C99EA15BD5}.AppStore|x64.Deploy.0 = Release|Any CPU
		{9D0BDD99-0E28-4E5D-9E3F-97C99EA15BD5}.AppStore|x86.ActiveCfg = Release|Any CPU
		{9D0BDD99-0E28-4E5D-9E3F-97C99EA15BD5}.AppStore|x86.Build.0 = Release|Any CPU
		{9D0BDD99-0E28-4E5D-9E3F-97C99EA15BD5}.AppStore|x86.Deploy.0 = Release|Any CPU
		{9D0BDD99-0E28-4E5D-9E3F-97C99EA15BD5}.Debug|Any CPU.ActiveCfg = Debug|Any CPU
		{9D0BDD99-0E28-4E5D-9E3F-97C99EA15BD5}.Debug|Any CPU.Build.0 = Debug|Any CPU
		{9D0BDD99-0E28-4E5D-9E3F-97C99EA15BD5}.Debug|Any CPU.Deploy.0 = Debug|Any CPU
		{9D0BDD99-0E28-4E5D-9E3F-97C99EA15BD5}.Debug|ARM.ActiveCfg = Debug|Any CPU
		{9D0BDD99-0E28-4E5D-9E3F-97C99EA15BD5}.Debug|ARM.Build.0 = Debug|Any CPU
		{9D0BDD99-0E28-4E5D-9E3F-97C99EA15BD5}.Debug|ARM.Deploy.0 = Debug|Any CPU
		{9D0BDD99-0E28-4E5D-9E3F-97C99EA15BD5}.Debug|iPhone.ActiveCfg = Debug|Any CPU
		{9D0BDD99-0E28-4E5D-9E3F-97C99EA15BD5}.Debug|iPhone.Build.0 = Debug|Any CPU
		{9D0BDD99-0E28-4E5D-9E3F-97C99EA15BD5}.Debug|iPhone.Deploy.0 = Debug|Any CPU
		{9D0BDD99-0E28-4E5D-9E3F-97C99EA15BD5}.Debug|iPhoneSimulator.ActiveCfg = Debug|Any CPU
		{9D0BDD99-0E28-4E5D-9E3F-97C99EA15BD5}.Debug|iPhoneSimulator.Build.0 = Debug|Any CPU
		{9D0BDD99-0E28-4E5D-9E3F-97C99EA15BD5}.Debug|iPhoneSimulator.Deploy.0 = Debug|Any CPU
		{9D0BDD99-0E28-4E5D-9E3F-97C99EA15BD5}.Debug|x64.ActiveCfg = Debug|Any CPU
		{9D0BDD99-0E28-4E5D-9E3F-97C99EA15BD5}.Debug|x64.Build.0 = Debug|Any CPU
		{9D0BDD99-0E28-4E5D-9E3F-97C99EA15BD5}.Debug|x64.Deploy.0 = Debug|Any CPU
		{9D0BDD99-0E28-4E5D-9E3F-97C99EA15BD5}.Debug|x86.ActiveCfg = Debug|Any CPU
		{9D0BDD99-0E28-4E5D-9E3F-97C99EA15BD5}.Debug|x86.Build.0 = Debug|Any CPU
		{9D0BDD99-0E28-4E5D-9E3F-97C99EA15BD5}.Debug|x86.Deploy.0 = Debug|Any CPU
		{9D0BDD99-0E28-4E5D-9E3F-97C99EA15BD5}.Release|Any CPU.ActiveCfg = Release|Any CPU
		{9D0BDD99-0E28-4E5D-9E3F-97C99EA15BD5}.Release|Any CPU.Build.0 = Release|Any CPU
		{9D0BDD99-0E28-4E5D-9E3F-97C99EA15BD5}.Release|Any CPU.Deploy.0 = Release|Any CPU
		{9D0BDD99-0E28-4E5D-9E3F-97C99EA15BD5}.Release|ARM.ActiveCfg = Release|Any CPU
		{9D0BDD99-0E28-4E5D-9E3F-97C99EA15BD5}.Release|ARM.Build.0 = Release|Any CPU
		{9D0BDD99-0E28-4E5D-9E3F-97C99EA15BD5}.Release|ARM.Deploy.0 = Release|Any CPU
		{9D0BDD99-0E28-4E5D-9E3F-97C99EA15BD5}.Release|iPhone.ActiveCfg = Release|Any CPU
		{9D0BDD99-0E28-4E5D-9E3F-97C99EA15BD5}.Release|iPhone.Build.0 = Release|Any CPU
		{9D0BDD99-0E28-4E5D-9E3F-97C99EA15BD5}.Release|iPhone.Deploy.0 = Release|Any CPU
		{9D0BDD99-0E28-4E5D-9E3F-97C99EA15BD5}.Release|iPhoneSimulator.ActiveCfg = Release|Any CPU
		{9D0BDD99-0E28-4E5D-9E3F-97C99EA15BD5}.Release|iPhoneSimulator.Build.0 = Release|Any CPU
		{9D0BDD99-0E28-4E5D-9E3F-97C99EA15BD5}.Release|iPhoneSimulator.Deploy.0 = Release|Any CPU
		{9D0BDD99-0E28-4E5D-9E3F-97C99EA15BD5}.Release|x64.ActiveCfg = Release|Any CPU
		{9D0BDD99-0E28-4E5D-9E3F-97C99EA15BD5}.Release|x64.Build.0 = Release|Any CPU
		{9D0BDD99-0E28-4E5D-9E3F-97C99EA15BD5}.Release|x64.Deploy.0 = Release|Any CPU
		{9D0BDD99-0E28-4E5D-9E3F-97C99EA15BD5}.Release|x86.ActiveCfg = Release|Any CPU
		{9D0BDD99-0E28-4E5D-9E3F-97C99EA15BD5}.Release|x86.Build.0 = Release|Any CPU
		{9D0BDD99-0E28-4E5D-9E3F-97C99EA15BD5}.Release|x86.Deploy.0 = Release|Any CPU
		{02EBA2B4-CD0F-4FBB-A1B3-F617A4ECCC96}.Ad-Hoc|Any CPU.ActiveCfg = Ad-Hoc|iPhone
		{02EBA2B4-CD0F-4FBB-A1B3-F617A4ECCC96}.Ad-Hoc|ARM.ActiveCfg = Ad-Hoc|iPhone
		{02EBA2B4-CD0F-4FBB-A1B3-F617A4ECCC96}.Ad-Hoc|iPhone.ActiveCfg = Ad-Hoc|iPhone
		{02EBA2B4-CD0F-4FBB-A1B3-F617A4ECCC96}.Ad-Hoc|iPhone.Build.0 = Ad-Hoc|iPhone
		{02EBA2B4-CD0F-4FBB-A1B3-F617A4ECCC96}.Ad-Hoc|iPhoneSimulator.ActiveCfg = Ad-Hoc|iPhoneSimulator
		{02EBA2B4-CD0F-4FBB-A1B3-F617A4ECCC96}.Ad-Hoc|iPhoneSimulator.Build.0 = Ad-Hoc|iPhoneSimulator
		{02EBA2B4-CD0F-4FBB-A1B3-F617A4ECCC96}.Ad-Hoc|x64.ActiveCfg = Ad-Hoc|iPhone
		{02EBA2B4-CD0F-4FBB-A1B3-F617A4ECCC96}.Ad-Hoc|x86.ActiveCfg = Ad-Hoc|iPhone
		{02EBA2B4-CD0F-4FBB-A1B3-F617A4ECCC96}.AppStore|Any CPU.ActiveCfg = AppStore|iPhone
		{02EBA2B4-CD0F-4FBB-A1B3-F617A4ECCC96}.AppStore|ARM.ActiveCfg = AppStore|iPhone
		{02EBA2B4-CD0F-4FBB-A1B3-F617A4ECCC96}.AppStore|iPhone.ActiveCfg = AppStore|iPhone
		{02EBA2B4-CD0F-4FBB-A1B3-F617A4ECCC96}.AppStore|iPhone.Build.0 = AppStore|iPhone
		{02EBA2B4-CD0F-4FBB-A1B3-F617A4ECCC96}.AppStore|iPhoneSimulator.ActiveCfg = AppStore|iPhoneSimulator
		{02EBA2B4-CD0F-4FBB-A1B3-F617A4ECCC96}.AppStore|iPhoneSimulator.Build.0 = AppStore|iPhoneSimulator
		{02EBA2B4-CD0F-4FBB-A1B3-F617A4ECCC96}.AppStore|x64.ActiveCfg = AppStore|iPhone
		{02EBA2B4-CD0F-4FBB-A1B3-F617A4ECCC96}.AppStore|x86.ActiveCfg = AppStore|iPhone
		{02EBA2B4-CD0F-4FBB-A1B3-F617A4ECCC96}.Debug|Any CPU.ActiveCfg = Debug|iPhone
		{02EBA2B4-CD0F-4FBB-A1B3-F617A4ECCC96}.Debug|ARM.ActiveCfg = Debug|iPhone
		{02EBA2B4-CD0F-4FBB-A1B3-F617A4ECCC96}.Debug|iPhone.ActiveCfg = Debug|iPhone
		{02EBA2B4-CD0F-4FBB-A1B3-F617A4ECCC96}.Debug|iPhone.Build.0 = Debug|iPhone
		{02EBA2B4-CD0F-4FBB-A1B3-F617A4ECCC96}.Debug|iPhoneSimulator.ActiveCfg = Debug|iPhoneSimulator
		{02EBA2B4-CD0F-4FBB-A1B3-F617A4ECCC96}.Debug|iPhoneSimulator.Build.0 = Debug|iPhoneSimulator
		{02EBA2B4-CD0F-4FBB-A1B3-F617A4ECCC96}.Debug|x64.ActiveCfg = Debug|iPhone
		{02EBA2B4-CD0F-4FBB-A1B3-F617A4ECCC96}.Debug|x86.ActiveCfg = Debug|iPhone
		{02EBA2B4-CD0F-4FBB-A1B3-F617A4ECCC96}.Release|Any CPU.ActiveCfg = Release|iPhone
		{02EBA2B4-CD0F-4FBB-A1B3-F617A4ECCC96}.Release|ARM.ActiveCfg = Release|iPhone
		{02EBA2B4-CD0F-4FBB-A1B3-F617A4ECCC96}.Release|iPhone.ActiveCfg = Release|iPhone
		{02EBA2B4-CD0F-4FBB-A1B3-F617A4ECCC96}.Release|iPhone.Build.0 = Release|iPhone
		{02EBA2B4-CD0F-4FBB-A1B3-F617A4ECCC96}.Release|iPhoneSimulator.ActiveCfg = Release|iPhoneSimulator
		{02EBA2B4-CD0F-4FBB-A1B3-F617A4ECCC96}.Release|iPhoneSimulator.Build.0 = Release|iPhoneSimulator
		{02EBA2B4-CD0F-4FBB-A1B3-F617A4ECCC96}.Release|x64.ActiveCfg = Release|iPhone
		{02EBA2B4-CD0F-4FBB-A1B3-F617A4ECCC96}.Release|x86.ActiveCfg = Release|iPhone
		{E5F5F3D9-9408-472F-9D11-D26E8D611DF6}.Ad-Hoc|Any CPU.ActiveCfg = Release|Any CPU
		{E5F5F3D9-9408-472F-9D11-D26E8D611DF6}.Ad-Hoc|Any CPU.Build.0 = Release|Any CPU
		{E5F5F3D9-9408-472F-9D11-D26E8D611DF6}.Ad-Hoc|Any CPU.Deploy.0 = Release|Any CPU
		{E5F5F3D9-9408-472F-9D11-D26E8D611DF6}.Ad-Hoc|ARM.ActiveCfg = Release|ARM
		{E5F5F3D9-9408-472F-9D11-D26E8D611DF6}.Ad-Hoc|ARM.Build.0 = Release|ARM
		{E5F5F3D9-9408-472F-9D11-D26E8D611DF6}.Ad-Hoc|ARM.Deploy.0 = Release|ARM
		{E5F5F3D9-9408-472F-9D11-D26E8D611DF6}.Ad-Hoc|iPhone.ActiveCfg = Release|Any CPU
		{E5F5F3D9-9408-472F-9D11-D26E8D611DF6}.Ad-Hoc|iPhone.Build.0 = Release|Any CPU
		{E5F5F3D9-9408-472F-9D11-D26E8D611DF6}.Ad-Hoc|iPhone.Deploy.0 = Release|Any CPU
		{E5F5F3D9-9408-472F-9D11-D26E8D611DF6}.Ad-Hoc|iPhoneSimulator.ActiveCfg = Release|Any CPU
		{E5F5F3D9-9408-472F-9D11-D26E8D611DF6}.Ad-Hoc|iPhoneSimulator.Build.0 = Release|Any CPU
		{E5F5F3D9-9408-472F-9D11-D26E8D611DF6}.Ad-Hoc|iPhoneSimulator.Deploy.0 = Release|Any CPU
		{E5F5F3D9-9408-472F-9D11-D26E8D611DF6}.Ad-Hoc|x64.ActiveCfg = Release|Any CPU
		{E5F5F3D9-9408-472F-9D11-D26E8D611DF6}.Ad-Hoc|x64.Build.0 = Release|Any CPU
		{E5F5F3D9-9408-472F-9D11-D26E8D611DF6}.Ad-Hoc|x64.Deploy.0 = Release|Any CPU
		{E5F5F3D9-9408-472F-9D11-D26E8D611DF6}.Ad-Hoc|x86.ActiveCfg = Release|x86
		{E5F5F3D9-9408-472F-9D11-D26E8D611DF6}.Ad-Hoc|x86.Build.0 = Release|x86
		{E5F5F3D9-9408-472F-9D11-D26E8D611DF6}.Ad-Hoc|x86.Deploy.0 = Release|x86
		{E5F5F3D9-9408-472F-9D11-D26E8D611DF6}.AppStore|Any CPU.ActiveCfg = Release|Any CPU
		{E5F5F3D9-9408-472F-9D11-D26E8D611DF6}.AppStore|Any CPU.Build.0 = Release|Any CPU
		{E5F5F3D9-9408-472F-9D11-D26E8D611DF6}.AppStore|Any CPU.Deploy.0 = Release|Any CPU
		{E5F5F3D9-9408-472F-9D11-D26E8D611DF6}.AppStore|ARM.ActiveCfg = Release|ARM
		{E5F5F3D9-9408-472F-9D11-D26E8D611DF6}.AppStore|ARM.Build.0 = Release|ARM
		{E5F5F3D9-9408-472F-9D11-D26E8D611DF6}.AppStore|ARM.Deploy.0 = Release|ARM
		{E5F5F3D9-9408-472F-9D11-D26E8D611DF6}.AppStore|iPhone.ActiveCfg = Release|Any CPU
		{E5F5F3D9-9408-472F-9D11-D26E8D611DF6}.AppStore|iPhone.Build.0 = Release|Any CPU
		{E5F5F3D9-9408-472F-9D11-D26E8D611DF6}.AppStore|iPhone.Deploy.0 = Release|Any CPU
		{E5F5F3D9-9408-472F-9D11-D26E8D611DF6}.AppStore|iPhoneSimulator.ActiveCfg = Release|Any CPU
		{E5F5F3D9-9408-472F-9D11-D26E8D611DF6}.AppStore|iPhoneSimulator.Build.0 = Release|Any CPU
		{E5F5F3D9-9408-472F-9D11-D26E8D611DF6}.AppStore|iPhoneSimulator.Deploy.0 = Release|Any CPU
		{E5F5F3D9-9408-472F-9D11-D26E8D611DF6}.AppStore|x64.ActiveCfg = Release|Any CPU
		{E5F5F3D9-9408-472F-9D11-D26E8D611DF6}.AppStore|x64.Build.0 = Release|Any CPU
		{E5F5F3D9-9408-472F-9D11-D26E8D611DF6}.AppStore|x64.Deploy.0 = Release|Any CPU
		{E5F5F3D9-9408-472F-9D11-D26E8D611DF6}.AppStore|x86.ActiveCfg = Release|x86
		{E5F5F3D9-9408-472F-9D11-D26E8D611DF6}.AppStore|x86.Build.0 = Release|x86
		{E5F5F3D9-9408-472F-9D11-D26E8D611DF6}.AppStore|x86.Deploy.0 = Release|x86
		{E5F5F3D9-9408-472F-9D11-D26E8D611DF6}.Debug|Any CPU.ActiveCfg = Debug|Any CPU
		{E5F5F3D9-9408-472F-9D11-D26E8D611DF6}.Debug|Any CPU.Build.0 = Debug|Any CPU
		{E5F5F3D9-9408-472F-9D11-D26E8D611DF6}.Debug|Any CPU.Deploy.0 = Debug|Any CPU
		{E5F5F3D9-9408-472F-9D11-D26E8D611DF6}.Debug|ARM.ActiveCfg = Debug|ARM
		{E5F5F3D9-9408-472F-9D11-D26E8D611DF6}.Debug|ARM.Build.0 = Debug|ARM
		{E5F5F3D9-9408-472F-9D11-D26E8D611DF6}.Debug|ARM.Deploy.0 = Debug|ARM
		{E5F5F3D9-9408-472F-9D11-D26E8D611DF6}.Debug|iPhone.ActiveCfg = Debug|Any CPU
		{E5F5F3D9-9408-472F-9D11-D26E8D611DF6}.Debug|iPhone.Build.0 = Debug|Any CPU
		{E5F5F3D9-9408-472F-9D11-D26E8D611DF6}.Debug|iPhone.Deploy.0 = Debug|Any CPU
		{E5F5F3D9-9408-472F-9D11-D26E8D611DF6}.Debug|iPhoneSimulator.ActiveCfg = Debug|Any CPU
		{E5F5F3D9-9408-472F-9D11-D26E8D611DF6}.Debug|iPhoneSimulator.Build.0 = Debug|Any CPU
		{E5F5F3D9-9408-472F-9D11-D26E8D611DF6}.Debug|iPhoneSimulator.Deploy.0 = Debug|Any CPU
		{E5F5F3D9-9408-472F-9D11-D26E8D611DF6}.Debug|x64.ActiveCfg = Debug|Any CPU
		{E5F5F3D9-9408-472F-9D11-D26E8D611DF6}.Debug|x64.Build.0 = Debug|Any CPU
		{E5F5F3D9-9408-472F-9D11-D26E8D611DF6}.Debug|x64.Deploy.0 = Debug|Any CPU
		{E5F5F3D9-9408-472F-9D11-D26E8D611DF6}.Debug|x86.ActiveCfg = Debug|x86
		{E5F5F3D9-9408-472F-9D11-D26E8D611DF6}.Debug|x86.Build.0 = Debug|x86
		{E5F5F3D9-9408-472F-9D11-D26E8D611DF6}.Debug|x86.Deploy.0 = Debug|x86
		{E5F5F3D9-9408-472F-9D11-D26E8D611DF6}.Release|Any CPU.ActiveCfg = Release|Any CPU
		{E5F5F3D9-9408-472F-9D11-D26E8D611DF6}.Release|Any CPU.Build.0 = Release|Any CPU
		{E5F5F3D9-9408-472F-9D11-D26E8D611DF6}.Release|Any CPU.Deploy.0 = Release|Any CPU
		{E5F5F3D9-9408-472F-9D11-D26E8D611DF6}.Release|ARM.ActiveCfg = Release|ARM
		{E5F5F3D9-9408-472F-9D11-D26E8D611DF6}.Release|ARM.Build.0 = Release|ARM
		{E5F5F3D9-9408-472F-9D11-D26E8D611DF6}.Release|ARM.Deploy.0 = Release|ARM
		{E5F5F3D9-9408-472F-9D11-D26E8D611DF6}.Release|iPhone.ActiveCfg = Release|Any CPU
		{E5F5F3D9-9408-472F-9D11-D26E8D611DF6}.Release|iPhone.Build.0 = Release|Any CPU
		{E5F5F3D9-9408-472F-9D11-D26E8D611DF6}.Release|iPhone.Deploy.0 = Release|Any CPU
		{E5F5F3D9-9408-472F-9D11-D26E8D611DF6}.Release|iPhoneSimulator.ActiveCfg = Release|Any CPU
		{E5F5F3D9-9408-472F-9D11-D26E8D611DF6}.Release|iPhoneSimulator.Build.0 = Release|Any CPU
		{E5F5F3D9-9408-472F-9D11-D26E8D611DF6}.Release|iPhoneSimulator.Deploy.0 = Release|Any CPU
		{E5F5F3D9-9408-472F-9D11-D26E8D611DF6}.Release|x64.ActiveCfg = Release|Any CPU
		{E5F5F3D9-9408-472F-9D11-D26E8D611DF6}.Release|x64.Build.0 = Release|Any CPU
		{E5F5F3D9-9408-472F-9D11-D26E8D611DF6}.Release|x64.Deploy.0 = Release|Any CPU
		{E5F5F3D9-9408-472F-9D11-D26E8D611DF6}.Release|x86.ActiveCfg = Release|x86
		{E5F5F3D9-9408-472F-9D11-D26E8D611DF6}.Release|x86.Build.0 = Release|x86
		{E5F5F3D9-9408-472F-9D11-D26E8D611DF6}.Release|x86.Deploy.0 = Release|x86
		{2995C716-30CA-4678-AB46-331C9BFE93B3}.Ad-Hoc|Any CPU.ActiveCfg = Release|x86
		{2995C716-30CA-4678-AB46-331C9BFE93B3}.Ad-Hoc|Any CPU.Build.0 = Release|x86
		{2995C716-30CA-4678-AB46-331C9BFE93B3}.Ad-Hoc|Any CPU.Deploy.0 = Release|x86
		{2995C716-30CA-4678-AB46-331C9BFE93B3}.Ad-Hoc|ARM.ActiveCfg = Release|ARM
		{2995C716-30CA-4678-AB46-331C9BFE93B3}.Ad-Hoc|ARM.Build.0 = Release|ARM
		{2995C716-30CA-4678-AB46-331C9BFE93B3}.Ad-Hoc|ARM.Deploy.0 = Release|ARM
		{2995C716-30CA-4678-AB46-331C9BFE93B3}.Ad-Hoc|iPhone.ActiveCfg = Release|x86
		{2995C716-30CA-4678-AB46-331C9BFE93B3}.Ad-Hoc|iPhone.Build.0 = Release|x86
		{2995C716-30CA-4678-AB46-331C9BFE93B3}.Ad-Hoc|iPhone.Deploy.0 = Release|x86
		{2995C716-30CA-4678-AB46-331C9BFE93B3}.Ad-Hoc|iPhoneSimulator.ActiveCfg = Release|x86
		{2995C716-30CA-4678-AB46-331C9BFE93B3}.Ad-Hoc|iPhoneSimulator.Build.0 = Release|x86
		{2995C716-30CA-4678-AB46-331C9BFE93B3}.Ad-Hoc|iPhoneSimulator.Deploy.0 = Release|x86
		{2995C716-30CA-4678-AB46-331C9BFE93B3}.Ad-Hoc|x64.ActiveCfg = Release|x64
		{2995C716-30CA-4678-AB46-331C9BFE93B3}.Ad-Hoc|x64.Build.0 = Release|x64
		{2995C716-30CA-4678-AB46-331C9BFE93B3}.Ad-Hoc|x64.Deploy.0 = Release|x64
		{2995C716-30CA-4678-AB46-331C9BFE93B3}.Ad-Hoc|x86.ActiveCfg = Release|x86
		{2995C716-30CA-4678-AB46-331C9BFE93B3}.Ad-Hoc|x86.Build.0 = Release|x86
		{2995C716-30CA-4678-AB46-331C9BFE93B3}.Ad-Hoc|x86.Deploy.0 = Release|x86
		{2995C716-30CA-4678-AB46-331C9BFE93B3}.AppStore|Any CPU.ActiveCfg = Release|x86
		{2995C716-30CA-4678-AB46-331C9BFE93B3}.AppStore|Any CPU.Build.0 = Release|x86
		{2995C716-30CA-4678-AB46-331C9BFE93B3}.AppStore|Any CPU.Deploy.0 = Release|x86
		{2995C716-30CA-4678-AB46-331C9BFE93B3}.AppStore|ARM.ActiveCfg = Release|ARM
		{2995C716-30CA-4678-AB46-331C9BFE93B3}.AppStore|ARM.Build.0 = Release|ARM
		{2995C716-30CA-4678-AB46-331C9BFE93B3}.AppStore|ARM.Deploy.0 = Release|ARM
		{2995C716-30CA-4678-AB46-331C9BFE93B3}.AppStore|iPhone.ActiveCfg = Release|x86
		{2995C716-30CA-4678-AB46-331C9BFE93B3}.AppStore|iPhone.Build.0 = Release|x86
		{2995C716-30CA-4678-AB46-331C9BFE93B3}.AppStore|iPhone.Deploy.0 = Release|x86
		{2995C716-30CA-4678-AB46-331C9BFE93B3}.AppStore|iPhoneSimulator.ActiveCfg = Release|x86
		{2995C716-30CA-4678-AB46-331C9BFE93B3}.AppStore|iPhoneSimulator.Build.0 = Release|x86
		{2995C716-30CA-4678-AB46-331C9BFE93B3}.AppStore|iPhoneSimulator.Deploy.0 = Release|x86
		{2995C716-30CA-4678-AB46-331C9BFE93B3}.AppStore|x64.ActiveCfg = Release|x64
		{2995C716-30CA-4678-AB46-331C9BFE93B3}.AppStore|x64.Build.0 = Release|x64
		{2995C716-30CA-4678-AB46-331C9BFE93B3}.AppStore|x64.Deploy.0 = Release|x64
		{2995C716-30CA-4678-AB46-331C9BFE93B3}.AppStore|x86.ActiveCfg = Release|x86
		{2995C716-30CA-4678-AB46-331C9BFE93B3}.AppStore|x86.Build.0 = Release|x86
		{2995C716-30CA-4678-AB46-331C9BFE93B3}.AppStore|x86.Deploy.0 = Release|x86
		{2995C716-30CA-4678-AB46-331C9BFE93B3}.Debug|Any CPU.ActiveCfg = Debug|x86
		{2995C716-30CA-4678-AB46-331C9BFE93B3}.Debug|ARM.ActiveCfg = Debug|ARM
		{2995C716-30CA-4678-AB46-331C9BFE93B3}.Debug|ARM.Build.0 = Debug|ARM
		{2995C716-30CA-4678-AB46-331C9BFE93B3}.Debug|ARM.Deploy.0 = Debug|ARM
		{2995C716-30CA-4678-AB46-331C9BFE93B3}.Debug|iPhone.ActiveCfg = Debug|x86
		{2995C716-30CA-4678-AB46-331C9BFE93B3}.Debug|iPhoneSimulator.ActiveCfg = Debug|x86
		{2995C716-30CA-4678-AB46-331C9BFE93B3}.Debug|x64.ActiveCfg = Debug|x64
		{2995C716-30CA-4678-AB46-331C9BFE93B3}.Debug|x64.Build.0 = Debug|x64
		{2995C716-30CA-4678-AB46-331C9BFE93B3}.Debug|x64.Deploy.0 = Debug|x64
		{2995C716-30CA-4678-AB46-331C9BFE93B3}.Debug|x86.ActiveCfg = Debug|x86
		{2995C716-30CA-4678-AB46-331C9BFE93B3}.Debug|x86.Build.0 = Debug|x86
		{2995C716-30CA-4678-AB46-331C9BFE93B3}.Debug|x86.Deploy.0 = Debug|x86
		{2995C716-30CA-4678-AB46-331C9BFE93B3}.Release|Any CPU.ActiveCfg = Release|x86
		{2995C716-30CA-4678-AB46-331C9BFE93B3}.Release|ARM.ActiveCfg = Release|ARM
		{2995C716-30CA-4678-AB46-331C9BFE93B3}.Release|ARM.Build.0 = Release|ARM
		{2995C716-30CA-4678-AB46-331C9BFE93B3}.Release|ARM.Deploy.0 = Release|ARM
		{2995C716-30CA-4678-AB46-331C9BFE93B3}.Release|iPhone.ActiveCfg = Release|x86
		{2995C716-30CA-4678-AB46-331C9BFE93B3}.Release|iPhoneSimulator.ActiveCfg = Release|x86
		{2995C716-30CA-4678-AB46-331C9BFE93B3}.Release|x64.ActiveCfg = Release|x64
		{2995C716-30CA-4678-AB46-331C9BFE93B3}.Release|x64.Build.0 = Release|x64
		{2995C716-30CA-4678-AB46-331C9BFE93B3}.Release|x64.Deploy.0 = Release|x64
		{2995C716-30CA-4678-AB46-331C9BFE93B3}.Release|x86.ActiveCfg = Release|x86
		{2995C716-30CA-4678-AB46-331C9BFE93B3}.Release|x86.Build.0 = Release|x86
		{2995C716-30CA-4678-AB46-331C9BFE93B3}.Release|x86.Deploy.0 = Release|x86
		{DF602E8A-487D-4BCD-B296-DE70005699DE}.Ad-Hoc|Any CPU.ActiveCfg = Release|Any CPU
		{DF602E8A-487D-4BCD-B296-DE70005699DE}.Ad-Hoc|Any CPU.Build.0 = Release|Any CPU
		{DF602E8A-487D-4BCD-B296-DE70005699DE}.Ad-Hoc|Any CPU.Deploy.0 = Release|Any CPU
		{DF602E8A-487D-4BCD-B296-DE70005699DE}.Ad-Hoc|ARM.ActiveCfg = Release|ARM
		{DF602E8A-487D-4BCD-B296-DE70005699DE}.Ad-Hoc|ARM.Build.0 = Release|ARM
		{DF602E8A-487D-4BCD-B296-DE70005699DE}.Ad-Hoc|ARM.Deploy.0 = Release|ARM
		{DF602E8A-487D-4BCD-B296-DE70005699DE}.Ad-Hoc|iPhone.ActiveCfg = Release|Any CPU
		{DF602E8A-487D-4BCD-B296-DE70005699DE}.Ad-Hoc|iPhone.Build.0 = Release|Any CPU
		{DF602E8A-487D-4BCD-B296-DE70005699DE}.Ad-Hoc|iPhone.Deploy.0 = Release|Any CPU
		{DF602E8A-487D-4BCD-B296-DE70005699DE}.Ad-Hoc|iPhoneSimulator.ActiveCfg = Release|Any CPU
		{DF602E8A-487D-4BCD-B296-DE70005699DE}.Ad-Hoc|iPhoneSimulator.Build.0 = Release|Any CPU
		{DF602E8A-487D-4BCD-B296-DE70005699DE}.Ad-Hoc|iPhoneSimulator.Deploy.0 = Release|Any CPU
		{DF602E8A-487D-4BCD-B296-DE70005699DE}.Ad-Hoc|x64.ActiveCfg = Release|x64
		{DF602E8A-487D-4BCD-B296-DE70005699DE}.Ad-Hoc|x64.Build.0 = Release|x64
		{DF602E8A-487D-4BCD-B296-DE70005699DE}.Ad-Hoc|x64.Deploy.0 = Release|x64
		{DF602E8A-487D-4BCD-B296-DE70005699DE}.Ad-Hoc|x86.ActiveCfg = Release|x86
		{DF602E8A-487D-4BCD-B296-DE70005699DE}.Ad-Hoc|x86.Build.0 = Release|x86
		{DF602E8A-487D-4BCD-B296-DE70005699DE}.Ad-Hoc|x86.Deploy.0 = Release|x86
		{DF602E8A-487D-4BCD-B296-DE70005699DE}.AppStore|Any CPU.ActiveCfg = Release|Any CPU
		{DF602E8A-487D-4BCD-B296-DE70005699DE}.AppStore|Any CPU.Build.0 = Release|Any CPU
		{DF602E8A-487D-4BCD-B296-DE70005699DE}.AppStore|Any CPU.Deploy.0 = Release|Any CPU
		{DF602E8A-487D-4BCD-B296-DE70005699DE}.AppStore|ARM.ActiveCfg = Release|ARM
		{DF602E8A-487D-4BCD-B296-DE70005699DE}.AppStore|ARM.Build.0 = Release|ARM
		{DF602E8A-487D-4BCD-B296-DE70005699DE}.AppStore|ARM.Deploy.0 = Release|ARM
		{DF602E8A-487D-4BCD-B296-DE70005699DE}.AppStore|iPhone.ActiveCfg = Release|Any CPU
		{DF602E8A-487D-4BCD-B296-DE70005699DE}.AppStore|iPhone.Build.0 = Release|Any CPU
		{DF602E8A-487D-4BCD-B296-DE70005699DE}.AppStore|iPhone.Deploy.0 = Release|Any CPU
		{DF602E8A-487D-4BCD-B296-DE70005699DE}.AppStore|iPhoneSimulator.ActiveCfg = Release|Any CPU
		{DF602E8A-487D-4BCD-B296-DE70005699DE}.AppStore|iPhoneSimulator.Build.0 = Release|Any CPU
		{DF602E8A-487D-4BCD-B296-DE70005699DE}.AppStore|iPhoneSimulator.Deploy.0 = Release|Any CPU
		{DF602E8A-487D-4BCD-B296-DE70005699DE}.AppStore|x64.ActiveCfg = Release|x64
		{DF602E8A-487D-4BCD-B296-DE70005699DE}.AppStore|x64.Build.0 = Release|x64
		{DF602E8A-487D-4BCD-B296-DE70005699DE}.AppStore|x64.Deploy.0 = Release|x64
		{DF602E8A-487D-4BCD-B296-DE70005699DE}.AppStore|x86.ActiveCfg = Release|x86
		{DF602E8A-487D-4BCD-B296-DE70005699DE}.AppStore|x86.Build.0 = Release|x86
		{DF602E8A-487D-4BCD-B296-DE70005699DE}.AppStore|x86.Deploy.0 = Release|x86
		{DF602E8A-487D-4BCD-B296-DE70005699DE}.Debug|Any CPU.ActiveCfg = Debug|Any CPU
		{DF602E8A-487D-4BCD-B296-DE70005699DE}.Debug|Any CPU.Build.0 = Debug|Any CPU
		{DF602E8A-487D-4BCD-B296-DE70005699DE}.Debug|Any CPU.Deploy.0 = Debug|Any CPU
		{DF602E8A-487D-4BCD-B296-DE70005699DE}.Debug|ARM.ActiveCfg = Debug|ARM
		{DF602E8A-487D-4BCD-B296-DE70005699DE}.Debug|ARM.Build.0 = Debug|ARM
		{DF602E8A-487D-4BCD-B296-DE70005699DE}.Debug|ARM.Deploy.0 = Debug|ARM
		{DF602E8A-487D-4BCD-B296-DE70005699DE}.Debug|iPhone.ActiveCfg = Debug|Any CPU
		{DF602E8A-487D-4BCD-B296-DE70005699DE}.Debug|iPhone.Build.0 = Debug|Any CPU
		{DF602E8A-487D-4BCD-B296-DE70005699DE}.Debug|iPhone.Deploy.0 = Debug|Any CPU
		{DF602E8A-487D-4BCD-B296-DE70005699DE}.Debug|iPhoneSimulator.ActiveCfg = Debug|Any CPU
		{DF602E8A-487D-4BCD-B296-DE70005699DE}.Debug|iPhoneSimulator.Build.0 = Debug|Any CPU
		{DF602E8A-487D-4BCD-B296-DE70005699DE}.Debug|iPhoneSimulator.Deploy.0 = Debug|Any CPU
		{DF602E8A-487D-4BCD-B296-DE70005699DE}.Debug|x64.ActiveCfg = Debug|x64
		{DF602E8A-487D-4BCD-B296-DE70005699DE}.Debug|x64.Build.0 = Debug|x64
		{DF602E8A-487D-4BCD-B296-DE70005699DE}.Debug|x64.Deploy.0 = Debug|x64
		{DF602E8A-487D-4BCD-B296-DE70005699DE}.Debug|x86.ActiveCfg = Debug|x86
		{DF602E8A-487D-4BCD-B296-DE70005699DE}.Debug|x86.Build.0 = Debug|x86
		{DF602E8A-487D-4BCD-B296-DE70005699DE}.Debug|x86.Deploy.0 = Debug|x86
		{DF602E8A-487D-4BCD-B296-DE70005699DE}.Release|Any CPU.ActiveCfg = Release|Any CPU
		{DF602E8A-487D-4BCD-B296-DE70005699DE}.Release|Any CPU.Build.0 = Release|Any CPU
		{DF602E8A-487D-4BCD-B296-DE70005699DE}.Release|Any CPU.Deploy.0 = Release|Any CPU
		{DF602E8A-487D-4BCD-B296-DE70005699DE}.Release|ARM.ActiveCfg = Release|ARM
		{DF602E8A-487D-4BCD-B296-DE70005699DE}.Release|ARM.Build.0 = Release|ARM
		{DF602E8A-487D-4BCD-B296-DE70005699DE}.Release|ARM.Deploy.0 = Release|ARM
		{DF602E8A-487D-4BCD-B296-DE70005699DE}.Release|iPhone.ActiveCfg = Release|Any CPU
		{DF602E8A-487D-4BCD-B296-DE70005699DE}.Release|iPhone.Build.0 = Release|Any CPU
		{DF602E8A-487D-4BCD-B296-DE70005699DE}.Release|iPhone.Deploy.0 = Release|Any CPU
		{DF602E8A-487D-4BCD-B296-DE70005699DE}.Release|iPhoneSimulator.ActiveCfg = Release|Any CPU
		{DF602E8A-487D-4BCD-B296-DE70005699DE}.Release|iPhoneSimulator.Build.0 = Release|Any CPU
		{DF602E8A-487D-4BCD-B296-DE70005699DE}.Release|iPhoneSimulator.Deploy.0 = Release|Any CPU
		{DF602E8A-487D-4BCD-B296-DE70005699DE}.Release|x64.ActiveCfg = Release|x64
		{DF602E8A-487D-4BCD-B296-DE70005699DE}.Release|x64.Build.0 = Release|x64
		{DF602E8A-487D-4BCD-B296-DE70005699DE}.Release|x64.Deploy.0 = Release|x64
		{DF602E8A-487D-4BCD-B296-DE70005699DE}.Release|x86.ActiveCfg = Release|x86
		{DF602E8A-487D-4BCD-B296-DE70005699DE}.Release|x86.Build.0 = Release|x86
		{DF602E8A-487D-4BCD-B296-DE70005699DE}.Release|x86.Deploy.0 = Release|x86
	EndGlobalSection
	GlobalSection(SolutionProperties) = preSolution
		HideSolutionNode = FALSE
	EndGlobalSection
EndGlobal
